
Microsoft Visual Studio Solution File, Format Version 12.00
# Visual Studio Version 17
VisualStudioVersion = 17.2.32616.157
MinimumVisualStudioVersion = 10.0.40219.1
Project("{FAE04EC0-301F-11D3-BF4B-00C04F79EFBC}") = "ConsoleApp3", "ConsoleApp3\ConsoleApp3.csproj", "{636D673F-4DC7-4841-AAA2-524BA4576665}"
EndProject
Global
	GlobalSection(SolutionConfigurationPlatforms) = preSolution
		Debug|Any CPU = Debug|Any CPU
		Release|Any CPU = Release|Any CPU
	EndGlobalSection
	GlobalSection(ProjectConfigurationPlatforms) = postSolution
		{636D673F-4DC7-4841-AAA2-524BA4576665}.Debug|Any CPU.ActiveCfg = Debug|Any CPU
		{636D673F-4DC7-4841-AAA2-524BA4576665}.Debug|Any CPU.Build.0 = Debug|Any CPU
		{636D673F-4DC7-4841-AAA2-524BA4576665}.Release|Any CPU.ActiveCfg = Release|Any CPU
		{636D673F-4DC7-4841-AAA2-524BA4576665}.Release|Any CPU.Build.0 = Release|Any CPU
	EndGlobalSection
	GlobalSection(SolutionProperties) = preSolution
		HideSolutionNode = FALSE
	EndGlobalSection
	GlobalSection(ExtensibilityGlobals) = postSolution
		SolutionGuid = {9D925D71-6B0A-4FF9-AAE8-614C83698CE1}
	EndGlobalSection
EndGlobal
